
Microsoft Visual Studio Solution File, Format Version 12.00
# Visual Studio Version 17
VisualStudioVersion = 17.13.35931.197 d17.13
MinimumVisualStudioVersion = 10.0.40219.1
Project("{888888A0-9F3D-457C-B088-3A5042F75D52}") = "8.1", "8.1\8.1.pyproj", "{19CC6592-7F15-44A7-B88C-06F9F3A9B63D}"
EndProject
Global
	GlobalSection(SolutionConfigurationPlatforms) = preSolution
		Debug|Any CPU = Debug|Any CPU
		Release|Any CPU = Release|Any CPU
	EndGlobalSection
	GlobalSection(ProjectConfigurationPlatforms) = postSolution
		{19CC6592-7F15-44A7-B88C-06F9F3A9B63D}.Debug|Any CPU.ActiveCfg = Debug|Any CPU
		{19CC6592-7F15-44A7-B88C-06F9F3A9B63D}.Release|Any CPU.ActiveCfg = Release|Any CPU
	EndGlobalSection
	GlobalSection(SolutionProperties) = preSolution
		HideSolutionNode = FALSE
	EndGlobalSection
	GlobalSection(ExtensibilityGlobals) = postSolution
		SolutionGuid = {74C866E2-B9C5-4F75-8D08-2EECF9C04A41}
	EndGlobalSection
EndGlobal
